
Microsoft Visual Studio Solution File, Format Version 12.00
# Visual Studio Version 16
VisualStudioVersion = 16.0.29201.188
MinimumVisualStudioVersion = 10.0.40219.1
Project("{FAE04EC0-301F-11D3-BF4B-00C04F79EFBC}") = "EasyScrShot", "EasyScrShot\EasyScrShot.csproj", "{9D83DE5A-2426-4430-8669-239251298CFE}"
EndProject
Global
	GlobalSection(SolutionConfigurationPlatforms) = preSolution
		Debug|Any CPU = Debug|Any CPU
		Debug|x64 = Debug|x64
		Release|Any CPU = Release|Any CPU
		Release|x64 = Release|x64
	EndGlobalSection
	GlobalSection(ProjectConfigurationPlatforms) = postSolution
		{9D83DE5A-2426-4430-8669-239251298CFE}.Debug|Any CPU.ActiveCfg = Debug|Any CPU
		{9D83DE5A-2426-4430-8669-239251298CFE}.Debug|Any CPU.Build.0 = Debug|Any CPU
		{9D83DE5A-2426-4430-8669-239251298CFE}.Debug|x64.ActiveCfg = Debug|x64
		{9D83DE5A-2426-4430-8669-239251298CFE}.Debug|x64.Build.0 = Debug|x64
		{9D83DE5A-2426-4430-8669-239251298CFE}.Release|Any CPU.ActiveCfg = Release|Any CPU
		{9D83DE5A-2426-4430-8669-239251298CFE}.Release|Any CPU.Build.0 = Release|Any CPU
		{9D83DE5A-2426-4430-8669-239251298CFE}.Release|x64.ActiveCfg = Release|x64
		{9D83DE5A-2426-4430-8669-239251298CFE}.Release|x64.Build.0 = Release|x64
	EndGlobalSection
	GlobalSection(SolutionProperties) = preSolution
		HideSolutionNode = FALSE
	EndGlobalSection
	GlobalSection(ExtensibilityGlobals) = postSolution
		SolutionGuid = {89508EF3-7F4E-4A66-B021-74F3007FA188}
	EndGlobalSection
EndGlobal
